
Microsoft Visual Studio Solution File, Format Version 12.00
# Visual Studio Version 16
VisualStudioVersion = 16.0.31112.23
MinimumVisualStudioVersion = 10.0.40219.1
Project("{8BC9CEB8-8B4A-11D0-8D11-00A0C91BC942}") = "lab1 SIAOD", "lab1 SIAOD\lab1 SIAOD.vcxproj", "{3A234750-8288-43D0-814D-CD859A78A711}"
EndProject
Global
	GlobalSection(SolutionConfigurationPlatforms) = preSolution
		Debug|x64 = Debug|x64
		Debug|x86 = Debug|x86
		Release|x64 = Release|x64
		Release|x86 = Release|x86
	EndGlobalSection
	GlobalSection(ProjectConfigurationPlatforms) = postSolution
		{3A234750-8288-43D0-814D-CD859A78A711}.Debug|x64.ActiveCfg = Debug|x64
		{3A234750-8288-43D0-814D-CD859A78A711}.Debug|x64.Build.0 = Debug|x64
		{3A234750-8288-43D0-814D-CD859A78A711}.Debug|x86.ActiveCfg = Debug|Win32
		{3A234750-8288-43D0-814D-CD859A78A711}.Debug|x86.Build.0 = Debug|Win32
		{3A234750-8288-43D0-814D-CD859A78A711}.Release|x64.ActiveCfg = Release|x64
		{3A234750-8288-43D0-814D-CD859A78A711}.Release|x64.Build.0 = Release|x64
		{3A234750-8288-43D0-814D-CD859A78A711}.Release|x86.ActiveCfg = Release|Win32
		{3A234750-8288-43D0-814D-CD859A78A711}.Release|x86.Build.0 = Release|Win32
	EndGlobalSection
	GlobalSection(SolutionProperties) = preSolution
		HideSolutionNode = FALSE
	EndGlobalSection
	GlobalSection(ExtensibilityGlobals) = postSolution
		SolutionGuid = {DBA61D89-79A0-47A6-9C20-65883E369617}
	EndGlobalSection
EndGlobal
